{
  "lockfileVersion": 1,
  "configVersion": 1,
  "workspaces": {
    "": {
      "name": "spike",
      "dependencies": {
        "@powersync/web": "^2.2.0",
        "@sqlite.org/sqlite-wasm": "^3.51.0-build1",
        "js-logger": "^1.6.1",
      },
      "devDependencies": {
        "pg": "^8.23.0",
        "playwright": "^1.62.1",
        "vite": "^7.1.13",
      },
    },
  },
  "packages": {
    "@esbuild/aix-ppc64": ["@esbuild/aix-ppc64@0.28.2", "", { "os": "aix", "cpu": "ppc64" }, "sha512-XExcO+dvLKvVtNTibSTBej1NCAbaGhWn9Ww1ZPx80qsahhPFe/8jgWP0IchNe0F3HwkU7n8ejhH8bjonqht8mQ=="],

    "@esbuild/android-arm": ["@esbuild/android-arm@0.28.2", "", { "os": "android", "cpu": "arm" }, "sha512-kXXoiPVVGQcnIYGOeaovwOURpniDBpSq4A03qkQ+BMQqtGG6HYap3xne9C1O1yo4TR3qxlCX5IqqmX6fFo2Lqg=="],

    "@esbuild/android-arm64": ["@esbuild/android-arm64@0.28.2", "", { "os": "android", "cpu": "arm64" }, "sha512-5YfKeeI8qWfBZIX+u2xZC3Zlb3Os/gLS2sbEKM+I4ZOcsWmHS2WLysCcQZDAFRslDUU5Oiq44gf6PYN1vGwG5A=="],

    "@esbuild/android-x64": ["@esbuild/android-x64@0.28.2", "", { "os": "android", "cpu": "x64" }, "sha512-O387ite7SzUyCcy3JQX4P4bLtEA7bLLkx+esve5JHnyYfNTxcVpXZo9jhdB0lTKN44gztELTdU7nS8Nr16Fs1Q=="],

    "@esbuild/darwin-arm64": ["@esbuild/darwin-arm64@0.28.2", "", { "os": "darwin", "cpu": "arm64" }, "sha512-n4KqkOQrraxHJcgjM1RvwbigfQKIKJVpM7xp+KsxiyUSrRdIXnt73VhrPAx0fV44hgfmIVKjxMN9J1t5jySVkw=="],

    "@esbuild/darwin-x64": ["@esbuild/darwin-x64@0.28.2", "", { "os": "darwin", "cpu": "x64" }, "sha512-uq6suIWYP37qzGddBKPw5QEQPi6HiLGsO7UmkpfyaYNQ3D+rN6w6WfwH+nuqcGXWvawGwxOEroO4YGnFh95azw=="],

    "@esbuild/freebsd-arm64": ["@esbuild/freebsd-arm64@0.28.2", "", { "os": "freebsd", "cpu": "arm64" }, "sha512-n+I0BTSRIoy+d6RPKnEVwql5UwBJolytvY4mAOIEJorKlqgPII8ix6slVVrfZ5Tnj7glIZvloylbB/EJPMWEXw=="],

    "@esbuild/freebsd-x64": ["@esbuild/freebsd-x64@0.28.2", "", { "os": "freebsd", "cpu": "x64" }, "sha512-78XJTJkvPs0kz2w61301PJjXl4g7q3JqiYMZ/M/yVI73EHBrCRTgkhu9oqG7vPqq+a/yadEW8aD+agKlk5xrmg=="],

    "@esbuild/linux-arm": ["@esbuild/linux-arm@0.28.2", "", { "os": "linux", "cpu": "arm" }, "sha512-XlDnu2q5yoqems+xay6wSAcg9DDD7K9RLKZEBOMZm3ckNpJBvOX20tSfby8KfrrhINDyv9V2YVZKY/SpoGJI8w=="],

    "@esbuild/linux-arm64": ["@esbuild/linux-arm64@0.28.2", "", { "os": "linux", "cpu": "arm64" }, "sha512-pW4AC0P3it8c7do9MVM4p51FzHzdM/TZrerurgRcHJ2WTa1VQ1CIq18xncfpBJw4ojkiZZrKW2yIBWBP92j6Ug=="],

    "@esbuild/linux-ia32": ["@esbuild/linux-ia32@0.28.2", "", { "os": "linux", "cpu": "ia32" }, "sha512-CYbnj78HsIeA+DhgUKgFCfvNsTHFhMMrinUrMZpDXJXKN8T3XViTZ/+wtHeVxEWY8ewSzTFN+nRmSwO2tZaLUQ=="],

    "@esbuild/linux-loong64": ["@esbuild/linux-loong64@0.28.2", "", { "os": "linux", "cpu": "none" }, "sha512-buwkd8nsph4R+ajRvw0qM5Hja/TXQow3ptzWO2EbG/cqcIkHloRrdlBtQlshyYGTNFvfkfJ5tpPLVkY4DtsPfQ=="],

    "@esbuild/linux-mips64el": ["@esbuild/linux-mips64el@0.28.2", "", { "os": "linux", "cpu": "none" }, "sha512-ZVykbDyk7519VwiNb9Lcj9m8XM6v5V9uKPvrEMkkEedVewf+0itkhahp4HDpgERXhwLRpWFypsGbG/J8s0QjJA=="],

    "@esbuild/linux-ppc64": ["@esbuild/linux-ppc64@0.28.2", "", { "os": "linux", "cpu": "ppc64" }, "sha512-CAXl+Dtd9UUuJd8pKKdwh6MLm3MUMiqMPmhZ3tTSXPqfyQ3vDl6R5hZdZ/kYojK4ofXtdfSv1tFq8XzWx3heNQ=="],

    "@esbuild/linux-riscv64": ["@esbuild/linux-riscv64@0.28.2", "", { "os": "linux", "cpu": "none" }, "sha512-GeXCej4IQtU1B+QlDV8W/RRvbzI3O/Stss+/bCXv4lZls5WGRtu2a+3JkA3i4qIUlMXpcHebWpF8AkJhATowuA=="],

    "@esbuild/linux-s390x": ["@esbuild/linux-s390x@0.28.2", "", { "os": "linux", "cpu": "s390x" }, "sha512-3H1weTYZPxt/WOhByszQZybS9w5lKzUn1FDMsgEChbHWQwHYQQRfBxgCcZvPhjHfKyJjIievvMmEUawJrdY9Dg=="],

    "@esbuild/linux-x64": ["@esbuild/linux-x64@0.28.2", "", { "os": "linux", "cpu": "x64" }, "sha512-4xTZr1FUmSoQW4XIWmit3tzQrUTZM+N3P0XV8xROKYF50XfI7xeO90+1bZvNwxIufQ9hDQVRJH5YhgPVF8A/HQ=="],

    "@esbuild/netbsd-arm64": ["@esbuild/netbsd-arm64@0.28.2", "", { "os": "none", "cpu": "arm64" }, "sha512-sSATRjPeDBg3pdgHoQfoYBob11Kk1FGa9lui5RIHZCoCkJa9QKlvl3/vKz2usCmYYjs7ymJR/2Nnsqe+Hjt5nw=="],

    "@esbuild/netbsd-x64": ["@esbuild/netbsd-x64@0.28.2", "", { "os": "none", "cpu": "x64" }, "sha512-lqnzCV+mM0gIADaKihiCg6ifgfU2L3h5E33rNQBN1Y4MaVGnzryzmvvf7UHxprpQdE8hpqLolJ9Rl+SkIRDpyw=="],

    "@esbuild/openbsd-arm64": ["@esbuild/openbsd-arm64@0.28.2", "", { "os": "openbsd", "cpu": "arm64" }, "sha512-AL2qJILH7lNjrDmCQDvdxMfAUIv8KMNZOvrwAQ8i8//ntL9FflhOyMJ8OZSMBb8/AWXe3/5v5S20y3zCoZWKoQ=="],

    "@esbuild/openbsd-x64": ["@esbuild/openbsd-x64@0.28.2", "", { "os": "openbsd", "cpu": "x64" }, "sha512-QtiuPytchRyC4rwUKhexJdQKvDuZ6hWloi3igqPQNUJCS1/v9EiO3UTOXR6A3FoMo4fnAKbWJdqaIwhOzh8qEw=="],

    "@esbuild/openharmony-arm64": ["@esbuild/openharmony-arm64@0.28.2", "", { "os": "none", "cpu": "arm64" }, "sha512-WkhYDmpTjLvGlScA1rwjRUmhl4k8oXR3cIbtqWmELgU/dFeHHlEllxDvdWcNJV9rbzCexB5vz8gtNewWLgCT7Q=="],

    "@esbuild/sunos-x64": ["@esbuild/sunos-x64@0.28.2", "", { "os": "sunos", "cpu": "x64" }, "sha512-GPMSkTOtMnv2U2F8gxe4Io6qmVs+YKyp832Etqqxr0hFngmXQ3rzwytelm3GIn7T4VviRUlf3sOgBOiTdvaf7g=="],

    "@esbuild/win32-arm64": ["@esbuild/win32-arm64@0.28.2", "", { "os": "win32", "cpu": "arm64" }, "sha512-PIhhEkE9uPBleRBrQEJpUn7MBnibZzbGzYWPmY3x+YoVg/95zbjB4CxPPOQ8l5tYYM4mMaCthF8/1DIfBQQyWQ=="],

    "@esbuild/win32-ia32": ["@esbuild/win32-ia32@0.28.2", "", { "os": "win32", "cpu": "ia32" }, "sha512-YmJbfTlvU7Sdn9BB+4PRES4oB6pxgS37MAONj+hBr/cpXS1aBPKXxNnDbu+QCWPj0o9dgyxeq79g6c5P8KeuYA=="],

    "@esbuild/win32-x64": ["@esbuild/win32-x64@0.28.2", "", { "os": "win32", "cpu": "x64" }, "sha512-5ebpxr3nWMzrL/rnUI755Jkuee0bHL/Gq0WTF9lvcpv73wAp5eu8MfBUgWK9bhWvZjj7yX8etf/8tI8Ney695g=="],

    "@journeyapps/wa-sqlite": ["@journeyapps/wa-sqlite@2.0.3", "", {}, "sha512-LEnzLL/+6z9AAOJQ1nZD5/lo5xE6ZWpkH/M6S3RAGiM047jDqKvGjx8SkGkG1bRcFbbGApf3RWlHGfrmButXcg=="],

    "@napi-rs/lzma-linux-x64-gnu": ["@napi-rs/lzma-linux-x64-gnu@1.5.1", "", { "os": "linux", "cpu": "x64" }, "sha512-oTXEIha4SsuXdTA4Iyskj0kpdx2yVXdhd75c2v3xGrHFfVMsbhTPZU/nMPL4sWKo4pBHm3aucLaqGlF696dTyQ=="],

    "@powersync/common": ["@powersync/common@2.1.0", "", {}, "sha512-9TbmpTVJ22TA4ZQjfrRR/YkGzMuaNRnPHwT613efp/Sch0jbLhW6kObLmwp0nStUkRqAHSuNHwfclR4wyjvPpQ=="],

    "@powersync/shared-internals": ["@powersync/shared-internals@1.1.1", "", { "peerDependencies": { "@powersync/common": "2.0.0" } }, "sha512-EiYxTbqbD6lfpDERLyECBsORDfrrgLSf4nmQ35Ug4cUNKFBwO4tGPZaquGeXbr4O+uJk0QFE/f6+33MLCDurIA=="],

    "@powersync/web": ["@powersync/web@2.2.0", "", { "dependencies": { "@journeyapps/wa-sqlite": "2.0.3", "@powersync/common": "2.1.0", "@powersync/shared-internals": "1.1.1", "comlink": "^4.4.2", "commander": "^12.1.0" }, "bin": { "powersync-web": "bin/powersync.cjs" } }, "sha512-16BXM5CibztwcYHkK6IzW7qRc11pmPzQDXV2zN0HKMYBQ7L7l3hbscogPXU44nqtgjuaXzh5bFyjyQp3ailpMw=="],

    "@rollup/rollup-android-arm-eabi": ["@rollup/rollup-android-arm-eabi@4.63.0", "", { "os": "android", "cpu": "arm" }, "sha512-70TeIFezKKy65LgAVyQh+w94/gjWhvPWaLaGGeMEgVrPkQhuj/M5bAYYZzIFUj9Y69oHyTm5Um/R6gcLh4A8JA=="],

    "@rollup/rollup-android-arm64": ["@rollup/rollup-android-arm64@4.63.0", "", { "os": "android", "cpu": "arm64" }, "sha512-YC86tYIHK6M1IV+wbzO+Bxk8RCBr6ZyWYgWxUCzaZD8mc8rrFoIJDNzDrkHBYRc/wKdrsIXmm6/F7NzrAO+OrA=="],

    "@rollup/rollup-darwin-arm64": ["@rollup/rollup-darwin-arm64@4.63.0", "", { "os": "darwin", "cpu": "arm64" }, "sha512-oI+ECtUcli0y0fi4xpW82GdPIXdTkI8G8DSjG2LRuw09fPAGykaWYH/hXxiKuTxiAjiPSTIIuYUqof5Z2hShWw=="],

    "@rollup/rollup-darwin-x64": ["@rollup/rollup-darwin-x64@4.63.0", "", { "os": "darwin", "cpu": "x64" }, "sha512-NwV+1s7TiKrMe4owHyKB/dTLD7ZJD0YEBEhIz+hvav1Cu1GReJjF+rsdNwjzENQeIAbE/CoNiaAc5Vz2h5DPAA=="],

    "@rollup/rollup-freebsd-arm64": ["@rollup/rollup-freebsd-arm64@4.63.0", "", { "os": "freebsd", "cpu": "arm64" }, "sha512-tWtHBTu5gOPK4u4Urtk4qAHW3zZ9rQAmbssO8gp7ELvGTGI3aCiq6NqyTQ0PCIg7KbHJF2UkGDDs77YZGxfjCA=="],

    "@rollup/rollup-freebsd-x64": ["@rollup/rollup-freebsd-x64@4.63.0", "", { "os": "freebsd", "cpu": "x64" }, "sha512-2qPoJiwTvtHQ27NnYvTnsgk8laXWYuVmNESG8WFZBcEPKLfZ3I27qBJarjVRQtwGeYyRfq5ZowHXih9lm2BItw=="],

    "@rollup/rollup-linux-arm-gnueabihf": ["@rollup/rollup-linux-arm-gnueabihf@4.63.0", "", { "os": "linux", "cpu": "arm" }, "sha512-FQwsTRvLNuHoTdICABJQfbPUSEueISGmnpT06tXTMpfprf5NiKLSXKA0A+w45wJnCmZAnzgqBwbt6ARFuyOi5w=="],

    "@rollup/rollup-linux-arm-musleabihf": ["@rollup/rollup-linux-arm-musleabihf@4.63.0", "", { "os": "linux", "cpu": "arm" }, "sha512-BBVTXziw8mY1a4ZbWME9tZyfzqXCDPqaC7Z3heQ29p5dkvXzwL0NwelO8zLa8c3RBKvl3YTuSnBgsBhYBtwjIw=="],

    "@rollup/rollup-linux-arm64-gnu": ["@rollup/rollup-linux-arm64-gnu@4.63.0", "", { "os": "linux", "cpu": "arm64" }, "sha512-w2Iyy9+RqKwx3d9qWMKsJg0FfRBsY0/pXNv0mCQ3ueRvJI6+QAScfD4nrMlzFLs2HNVW6Ew+mtZfDl9b7Ew5/Q=="],

    "@rollup/rollup-linux-arm64-musl": ["@rollup/rollup-linux-arm64-musl@4.63.0", "", { "os": "linux", "cpu": "arm64" }, "sha512-YK++KtrFRHYE0P6/RtYEAy9t8F37znP+K03RrIuLPYOL6SVlObRumf/0OE4V/h63xL9DwkWbNssZfmA9hawuDA=="],

    "@rollup/rollup-linux-loong64-gnu": ["@rollup/rollup-linux-loong64-gnu@4.63.0", "", { "os": "linux", "cpu": "none" }, "sha512-aBfOG6fP7YkkPmTqPwufRJeFyz7WPpECv9XNbnsk9+vg7rxdih0lbtEel7jcRng4LZrrmU3FfitCFyEj4BWDWg=="],

    "@rollup/rollup-linux-loong64-musl": ["@rollup/rollup-linux-loong64-musl@4.63.0", "", { "os": "linux", "cpu": "none" }, "sha512-LGaHEOeHNAag9VuS1Crs5DFg4RrU9MPi2nVnNJk9DTePx/B6RRYKVmrIXt2h7YOJlwjaFJ6lwtFDliZxScTLrQ=="],

    "@rollup/rollup-linux-ppc64-gnu": ["@rollup/rollup-linux-ppc64-gnu@4.63.0", "", { "os": "linux", "cpu": "ppc64" }, "sha512-jClvk+J0FC3b7Udvegiw5/4hErbHtmsNsQgENnKXDWtNCJXsJYZH5WURvu7imDOO38xYml24eeh5x3A04ppwCw=="],

    "@rollup/rollup-linux-ppc64-musl": ["@rollup/rollup-linux-ppc64-musl@4.63.0", "", { "os": "linux", "cpu": "ppc64" }, "sha512-0OJlaGK+8+B777Ql5okIpD7ua5Ro9+VB9Ve0OKa28OQJZ1RbuUBVNHK/e3pr4BROqsyPl1JrPO1ZxJseCNffcA=="],

    "@rollup/rollup-linux-riscv64-gnu": ["@rollup/rollup-linux-riscv64-gnu@4.63.0", "", { "os": "linux", "cpu": "none" }, "sha512-Ygsx+HoNH7afwi1bTIXbnTvVnsO+zurPLSYxybV1hHFVU72OWOCl6v05ql/z0hkpAPx+DK7Kn9Bi7MayCcjLTA=="],

    "@rollup/rollup-linux-riscv64-musl": ["@rollup/rollup-linux-riscv64-musl@4.63.0", "", { "os": "linux", "cpu": "none" }, "sha512-pDQxtMGb+OvG3fLwR2OkZlSd47hW+kWg4BYMG/++sR6RqorQccwPTDsxda5hPwiIeIErAnCF9ma3SAU06bdQtQ=="],

    "@rollup/rollup-linux-s390x-gnu": ["@rollup/rollup-linux-s390x-gnu@4.63.0", "", { "os": "linux", "cpu": "s390x" }, "sha512-0BnUG9mS8I4SSHr3XsxVhuCMEiu+rX61xxZF5vujso4LaiAGFZFxvDjg6Xn6tLPNTUAfuCvQYas4LMQMVsKRSQ=="],

    "@rollup/rollup-linux-x64-gnu": ["@rollup/rollup-linux-x64-gnu@4.63.0", "", { "os": "linux", "cpu": "x64" }, "sha512-Adu/VttB1dpPNW+FEacrZ+xVm9tFty84+RrFzsqlFaPxoJB+9XXyDGtp5dCOoBwGBIEVH0To7lExFXEx0BIF4A=="],

    "@rollup/rollup-linux-x64-musl": ["@rollup/rollup-linux-x64-musl@4.63.0", "", { "os": "linux", "cpu": "x64" }, "sha512-NQ3bDvjUbFKmP23671xUlXtKmqVsUBd6M4PQCvbmNtOy06hnQIdKHy8oG/6S3R/S6He1JgPk6A5VT+prAJMYEw=="],

    "@rollup/rollup-openbsd-x64": ["@rollup/rollup-openbsd-x64@4.63.0", "", { "os": "openbsd", "cpu": "x64" }, "sha512-u2eDAl4+0aFvA13GxlGBtTI3SS3sdgwgtV0HyjZ0QaQVCgNE+jqNGey+GtxWiq+wxr/UycAx/OnfJzApCFamvA=="],

    "@rollup/rollup-openharmony-arm64": ["@rollup/rollup-openharmony-arm64@4.63.0", "", { "os": "none", "cpu": "arm64" }, "sha512-XvRb5vfW3wAZQ+ZUG21AnHHDKtNcw99eigzEhjr//NZ3u7SoBaPP0seSc7FgP7p1epAEdAoZckMW9WY/+4w70w=="],

    "@rollup/rollup-win32-arm64-msvc": ["@rollup/rollup-win32-arm64-msvc@4.63.0", "", { "os": "win32", "cpu": "arm64" }, "sha512-iZPmniy4kNBf5yo2RezbkYNNK5HPbXE9+g+twnbqSng7dtLEJy1SKoxiE/ni4FDacjyuZpEeb9U054N4EoKHYw=="],

    "@rollup/rollup-win32-ia32-msvc": ["@rollup/rollup-win32-ia32-msvc@4.63.0", "", { "os": "win32", "cpu": "ia32" }, "sha512-mFBBd+LF37fnE8JnYUOH+imj0aPFPK30vpar4ehJkgnLj9sZn8ZxiRENmLtgIwxK7TC8klF6N57fxdNBwQoqOA=="],

    "@rollup/rollup-win32-x64-gnu": ["@rollup/rollup-win32-x64-gnu@4.63.0", "", { "os": "win32", "cpu": "x64" }, "sha512-ujeqEY3B+zbGn3Z4Q03cUBG/LGWnBJncVT36WER31LcOsQk9+1dmINKKtvmmfChUvRbK1G0R8OhMWFgHgaZtAw=="],

    "@rollup/rollup-win32-x64-msvc": ["@rollup/rollup-win32-x64-msvc@4.63.0", "", { "os": "win32", "cpu": "x64" }, "sha512-hncn90N4sOky0L2LKE5oESKLbxCPeVo4eLA2LSMoDzM+879ml4WSr+Rr4DWknNIVVvS1Hirkc9hx02W6YxS8rQ=="],

    "@sqlite.org/sqlite-wasm": ["@sqlite.org/sqlite-wasm@3.51.0-build1", "", { "bin": { "sqlite-wasm": "bin/index.js" } }, "sha512-ZWtqatt5aTqqg8PNzGq4Ua52bsS/HEdY34W2guY7a3d3Cgl1sIHmfNm3oN/OQaHC1jhYPAzccp0G2nAdJwVdqw=="],

    "@types/estree": ["@types/estree@1.0.9", "", {}, "sha512-GhdPgy1el4/ImP05X05Uw4cw2/M93BCUmnEvWZNStlCzEKME4Fkk+YpoA5OiHNQmoS7Cafb8Xa3Pya8m1Qrzeg=="],

    "comlink": ["comlink@4.4.2", "", {}, "sha512-OxGdvBmJuNKSCMO4NTl1L47VRp6xn2wG4F/2hYzB6tiCb709otOxtEYCSvK80PtjODfXXZu8ds+Nw5kVCjqd2g=="],

    "commander": ["commander@12.1.0", "", {}, "sha512-Vw8qHK3bZM9y/P10u3Vib8o/DdkvA2OtPtZvD871QKjy74Wj1WSKFILMPRPSdUSx5RFK1arlJzEtA4PkFgnbuA=="],

    "esbuild": ["esbuild@0.28.2", "", { "optionalDependencies": { "@esbuild/aix-ppc64": "0.28.2", "@esbuild/android-arm": "0.28.2", "@esbuild/android-arm64": "0.28.2", "@esbuild/android-x64": "0.28.2", "@esbuild/darwin-arm64": "0.28.2", "@esbuild/darwin-x64": "0.28.2", "@esbuild/freebsd-arm64": "0.28.2", "@esbuild/freebsd-x64": "0.28.2", "@esbuild/linux-arm": "0.28.2", "@esbuild/linux-arm64": "0.28.2", "@esbuild/linux-ia32": "0.28.2", "@esbuild/linux-loong64": "0.28.2", "@esbuild/linux-mips64el": "0.28.2", "@esbuild/linux-ppc64": "0.28.2", "@esbuild/linux-riscv64": "0.28.2", "@esbuild/linux-s390x": "0.28.2", "@esbuild/linux-x64": "0.28.2", "@esbuild/netbsd-arm64": "0.28.2", "@esbuild/netbsd-x64": "0.28.2", "@esbuild/openbsd-arm64": "0.28.2", "@esbuild/openbsd-x64": "0.28.2", "@esbuild/openharmony-arm64": "0.28.2", "@esbuild/sunos-x64": "0.28.2", "@esbuild/win32-arm64": "0.28.2", "@esbuild/win32-ia32": "0.28.2", "@esbuild/win32-x64": "0.28.2" }, "bin": { "esbuild": "bin/esbuild" } }, "sha512-HKVLS8dvII+xoKW9kmqxbRKrnWEXfJJr/FZhhJmiqIB0e053QNYFqOBouTMO/k5sID4MvCiUCvv8b9M4h32wIA=="],

    "fdir": ["fdir@6.5.0", "", { "peerDependencies": { "picomatch": "^3 || ^4" }, "optionalPeers": ["picomatch"] }, "sha512-tIbYtZbucOs0BRGqPJkshJUYdL+SDH7dVM8gjy+ERp3WAUjLEFJE+02kanyHtwjWOnwrKYBiwAmM0p4kLJAnXg=="],

    "fsevents": ["fsevents@2.3.2", "", { "os": "darwin" }, "sha512-xiqMQR4xAeHTuB9uWm+fFRcIOgKBMiOBP+eXiyT7jsgVCq1bkVygt00oASowB7EdtpOHaaPgKt812P9ab+DDKA=="],

    "js-logger": ["js-logger@1.6.1", "", {}, "sha512-yTgMCPXVjhmg28CuUH8CKjU+cIKL/G+zTu4Fn4lQxs8mRFH/03QTNvEFngcxfg/gRDiQAOoyCKmMTOm9ayOzXA=="],

    "nanoid": ["nanoid@3.3.18", "", { "bin": { "nanoid": "bin/nanoid.cjs" } }, "sha512-DTg4MJbGMWkfi6VZFdNt2/caMbQy4Ou+Op/hJQvGEWcnVfoA1QA+xzRKAzw9jD6+GVOOeYr/mIcuDSdug6F6+w=="],

    "pg": ["pg@8.23.0", "", { "dependencies": { "pg-connection-string": "^2.14.0", "pg-pool": "^3.14.0", "pg-protocol": "^1.16.0", "pg-types": "2.2.0", "pgpass": "1.0.5" }, "optionalDependencies": { "pg-cloudflare": "^1.4.0" }, "peerDependencies": { "pg-native": ">=3.0.1" }, "optionalPeers": ["pg-native"] }, "sha512-Ip2EQCngowJLGOfCwkFhPXU7/ljlhn6Rxlmy4XYfL2Y+vyRM59+8uR2xqRWKdYmbXmxCFOAmKxBuSUCdF34qLg=="],

    "pg-cloudflare": ["pg-cloudflare@1.4.0", "", {}, "sha512-Vo7z/6rrQYxpNRylp4Tlob2elzbh+N/MOQbxFVWCxS7oEx6jF53GTJFxK2WWpKuBRkmiin4Mt+xofFDjx09R0A=="],

    "pg-connection-string": ["pg-connection-string@2.14.0", "", {}, "sha512-XwWDGcLRGCXAR8F/AM5bG7Q+A3Wm2s6QeEjlOKZLlH3UYcguiqCWKyWXVag5TLTIjR7oOJUY8kcADaZgWPyLeg=="],

    "pg-int8": ["pg-int8@1.0.1", "", {}, "sha512-WCtabS6t3c8SkpDBUlb1kjOs7l66xsGdKpIPZsg4wR+B3+u9UAum2odSsF9tnvxg80h4ZxLWMy4pRjOsFIqQpw=="],

    "pg-pool": ["pg-pool@3.14.0", "", { "peerDependencies": { "pg": ">=8.0" } }, "sha512-gKtPkFdQPU3DksooVLi9LsjZxrsBUZIpa+7aVx+LV5pNh0KzP4Zleud2po+ConrxbuXGBJ6Hfer6hdgpIBpBaw=="],

    "pg-protocol": ["pg-protocol@1.16.0", "", {}, "sha512-sILXutLVjCLjcDuOmvhX5e2Z4cS5qG/6Bu3VkpFwdf/633ElGLpEh9bgmuI5I4sqKqkifQiGyiCcx1HdtrK7tg=="],

    "pg-types": ["pg-types@2.2.0", "", { "dependencies": { "pg-int8": "1.0.1", "postgres-array": "~2.0.0", "postgres-bytea": "~1.0.0", "postgres-date": "~1.0.4", "postgres-interval": "^1.1.0" } }, "sha512-qTAAlrEsl8s4OiEQY69wDvcMIdQN6wdz5ojQiOy6YRMuynxenON0O5oCpJI6lshc6scgAY8qvJ2On/p+CXY0GA=="],

    "pgpass": ["pgpass@1.0.5", "", { "dependencies": { "split2": "^4.1.0" } }, "sha512-FdW9r/jQZhSeohs1Z3sI1yxFQNFvMcnmfuj4WBMUTxOrAyLMaTcE1aAMBiTlbMNaXvBCQuVi0R7hd8udDSP7ug=="],

    "picocolors": ["picocolors@1.1.1", "", {}, "sha512-xceH2snhtb5M9liqDsmEw56le376mTZkEX/jEb/RxNFyegNul7eNslCXP9FDj/Lcu0X8KEyMceP2ntpaHrDEVA=="],

    "picomatch": ["picomatch@4.0.7", "", {}, "sha512-qcJu88Q2IWqJsDD529JKMdwGm/dvInW4HvQnRwiH9JtihJvzGOscDtHE3x1pBKeUOTysQ8kVmLnJ2kJu7yhcGA=="],

    "playwright": ["playwright@1.62.1", "", { "dependencies": { "playwright-core": "1.62.1" }, "optionalDependencies": { "fsevents": "2.3.2" }, "bin": { "playwright": "cli.js" } }, "sha512-0M+L3LAD8/nm554LOla9Ayx0j0tmFZ0FBcoQ7F1VuVHpM/XpiC8RcDzBQB8W5+hA8L22THxELzeF+2WcUzvcLg=="],

    "playwright-core": ["playwright-core@1.62.1", "", { "bin": { "playwright-core": "cli.js" } }, "sha512-wPYSwEBJY9GHraISXqyqtx0na0LpO3XEX7jNDhntbex7tzUS7kLnZsOlFruFJB4Hi/rhDMjXGqHewDZ68nYZVw=="],

    "postcss": ["postcss@8.5.26", "", { "dependencies": { "nanoid": "^3.3.17", "picocolors": "^1.1.1", "source-map-js": "^1.2.1" } }, "sha512-u82N74LFzG8ca+dD8puPnplTXoGH4fTPpVGuIbt36G3qvNlkvfD0lEAZSxaly3KX8TS/L1A1gsCEmvKmBcVbkQ=="],

    "postgres-array": ["postgres-array@2.0.0", "", {}, "sha512-VpZrUqU5A69eQyW2c5CA1jtLecCsN2U/bD6VilrFDWq5+5UIEVO7nazS3TEcHf1zuPYO/sqGvUvW62g86RXZuA=="],

    "postgres-bytea": ["postgres-bytea@1.0.1", "", {}, "sha512-5+5HqXnsZPE65IJZSMkZtURARZelel2oXUEO8rH83VS/hxH5vv1uHquPg5wZs8yMAfdv971IU+kcPUczi7NVBQ=="],

    "postgres-date": ["postgres-date@1.0.7", "", {}, "sha512-suDmjLVQg78nMK2UZ454hAG+OAW+HQPZ6n++TNDUX+L0+uUlLywnoxJKDou51Zm+zTCjrCl0Nq6J9C5hP9vK/Q=="],

    "postgres-interval": ["postgres-interval@1.2.0", "", { "dependencies": { "xtend": "^4.0.0" } }, "sha512-9ZhXKM/rw350N1ovuWHbGxnGh/SNJ4cnxHiM0rxE4VN41wsg8P8zWn9hv/buK00RP4WvlOyr/RBDiptyxVbkZQ=="],

    "rollup": ["rollup@4.63.0", "", { "dependencies": { "@types/estree": "1.0.9" }, "optionalDependencies": { "@napi-rs/lzma-linux-x64-gnu": "1.5.1", "@rollup/rollup-android-arm-eabi": "4.63.0", "@rollup/rollup-android-arm64": "4.63.0", "@rollup/rollup-darwin-arm64": "4.63.0", "@rollup/rollup-darwin-x64": "4.63.0", "@rollup/rollup-freebsd-arm64": "4.63.0", "@rollup/rollup-freebsd-x64": "4.63.0", "@rollup/rollup-linux-arm-gnueabihf": "4.63.0", "@rollup/rollup-linux-arm-musleabihf": "4.63.0", "@rollup/rollup-linux-arm64-gnu": "4.63.0", "@rollup/rollup-linux-arm64-musl": "4.63.0", "@rollup/rollup-linux-loong64-gnu": "4.63.0", "@rollup/rollup-linux-loong64-musl": "4.63.0", "@rollup/rollup-linux-ppc64-gnu": "4.63.0", "@rollup/rollup-linux-ppc64-musl": "4.63.0", "@rollup/rollup-linux-riscv64-gnu": "4.63.0", "@rollup/rollup-linux-riscv64-musl": "4.63.0", "@rollup/rollup-linux-s390x-gnu": "4.63.0", "@rollup/rollup-linux-x64-gnu": "4.63.0", "@rollup/rollup-linux-x64-musl": "4.63.0", "@rollup/rollup-openbsd-x64": "4.63.0", "@rollup/rollup-openharmony-arm64": "4.63.0", "@rollup/rollup-win32-arm64-msvc": "4.63.0", "@rollup/rollup-win32-ia32-msvc": "4.63.0", "@rollup/rollup-win32-x64-gnu": "4.63.0", "@rollup/rollup-win32-x64-msvc": "4.63.0", "fsevents": "~2.3.2" }, "bin": { "rollup": "dist/bin/rollup" } }, "sha512-T5vnZ2y4QqC3/4P+w2+JO+Q/OVdnPsv4XcSYJYMEn0R9/jjl5AgLwO9LAZMzP2lN71O6pypn91rB7lDstUkfrQ=="],

    "source-map-js": ["source-map-js@1.2.1", "", {}, "sha512-UXWMKhLOwVKb728IUtQPXxfYU+usdybtUrK/8uGE8CQMvrhOpwvzDBwj0QhSL7MQc7vIsISBG8VQ8+IDQxpfQA=="],

    "split2": ["split2@4.2.0", "", {}, "sha512-UcjcJOWknrNkF6PLX83qcHM6KHgVKNkV62Y8a5uYDVv9ydGQVwAHMKqHdJje1VTWpljG0WYpCDhrCdAOYH4TWg=="],

    "tinyglobby": ["tinyglobby@0.2.17", "", { "dependencies": { "fdir": "^6.5.0", "picomatch": "^4.0.4" } }, "sha512-wXR/dYpcqKmfWpEdZjiKJOwCNFndD0DMnrW/cYjVGttEkBfVgcLFHoNrlj47mjOVic9yyNu65alsgF4NQyTa2g=="],

    "vite": ["vite@7.3.6", "", { "dependencies": { "esbuild": "^0.27.0 || ^0.28.0", "fdir": "^6.5.0", "picomatch": "^4.0.3", "postcss": "^8.5.6", "rollup": "^4.43.0", "tinyglobby": "^0.2.15" }, "optionalDependencies": { "fsevents": "~2.3.3" }, "peerDependencies": { "@types/node": "^20.19.0 || >=22.12.0", "jiti": ">=1.21.0", "less": "^4.0.0", "lightningcss": "^1.21.0", "sass": "^1.70.0", "sass-embedded": "^1.70.0", "stylus": ">=0.54.8", "sugarss": "^5.0.0", "terser": "^5.16.0", "tsx": "^4.8.1", "yaml": "^2.4.2" }, "optionalPeers": ["@types/node", "jiti", "less", "lightningcss", "sass", "sass-embedded", "stylus", "sugarss", "terser", "tsx", "yaml"], "bin": { "vite": "bin/vite.js" } }, "sha512-4XP60spRGjSZFf1qYH+dJIkK2znL3zQfl9KkOV9MkkRR/3Dls0dxaBsQPTloEc5BLXWPL9vsOxopxyKoMmDueg=="],

    "xtend": ["xtend@4.0.2", "", {}, "sha512-LKYU1iAXJXUgAXn9URjiu+MWhyUXHsvfp7mcuYm9dSUKK0/CjtrUwFAxD82/mCWbtLsGjFIad0wIsod4zrTAEQ=="],

    "rollup/fsevents": ["fsevents@2.3.3", "", { "os": "darwin" }, "sha512-5xoDfX+fL7faATnagmWPpbFtwh/R77WmMMqqHGS65C3vvB0YHrgF+B1YmZ3441tMj5n63k0212XNoJwzlhffQw=="],

    "vite/fsevents": ["fsevents@2.3.3", "", { "os": "darwin" }, "sha512-5xoDfX+fL7faATnagmWPpbFtwh/R77WmMMqqHGS65C3vvB0YHrgF+B1YmZ3441tMj5n63k0212XNoJwzlhffQw=="],
  }
}
